// !$*UTF8*$!
{
	archiveVersion = 1;
	classes = {
	};
	objectVersion = 56;
	objects = {

/* Begin PBXBuildFile section */
		40F8346B2CA70F3A007DAA65 /* AppDelegate.swift in Sources */ = {isa = PBXBuildFile; fileRef = 40F8346A2CA70F3A007DAA65 /* AppDelegate.swift */; };
		40F8346F2CA70F3B007DAA65 /* Assets.xcassets in Resources */ = {isa = PBXBuildFile; fileRef = 40F8346E2CA70F3B007DAA65 /* Assets.xcassets */; };
		40F8347C2CA71E4E007DAA65 /* main.swift in Sources */ = {isa = PBXBuildFile; fileRef = 40F8347B2CA71E4E007DAA65 /* main.swift */; };
		40F834812CA724C8007DAA65 /* LibWhisper.swift in Sources */ = {isa = PBXBuildFile; fileRef = 40F834802CA724C8007DAA65 /* LibWhisper.swift */; };
		40F834832CA72889007DAA65 /* Recorder.swift in Sources */ = {isa = PBXBuildFile; fileRef = 40F834822CA72889007DAA65 /* Recorder.swift */; };
		D73B39372DC6622E00F3B948 /* whisper.xcframework in Frameworks */ = {isa = PBXBuildFile; fileRef = D73B39362DC6622E00F3B948 /* whisper.xcframework */; };
		D73B39382DC6622E00F3B948 /* whisper.xcframework in Embed Frameworks */ = {isa = PBXBuildFile; fileRef = D73B39362DC6622E00F3B948 /* whisper.xcframework */; settings = {ATTRIBUTES = (CodeSignOnCopy, RemoveHeadersOnCopy, ); }; };
		D7ECCB332CB9429E00558635 /* models in Resources */ = {isa = PBXBuildFile; fileRef = D7ECCB322CB9429E00558635 /* models */; };
		D7ECCB3A2CB9BD4A00558635 /* HotKey in Frameworks */ = {isa = PBXBuildFile; productRef = D7ECCB392CB9BD4A00558635 /* HotKey */; };
		E1A1B1A12EA80A1100000001 /* SettingsManager.swift in Sources */ = {isa = PBXBuildFile; fileRef = E1A1B1A02EA80A1100000001 /* SettingsManager.swift */; };
		E1A1B1A32EA80A1100000002 /* OpenAIClient.swift in Sources */ = {isa = PBXBuildFile; fileRef = E1A1B1A22EA80A1100000002 /* OpenAIClient.swift */; };
		ED892BF22EF0B1DF00D395C2 /* FeedbackView.swift in Sources */ = {isa = PBXBuildFile; fileRef = ED892BF12EF0B1DD00D395C2 /* FeedbackView.swift */; };
		ED892BF42EF0B1E600D395C2 /* PreferencesView.swift in Sources */ = {isa = PBXBuildFile; fileRef = ED892BF32EF0B1E500D395C2 /* PreferencesView.swift */; };
		ED892BF62EF0B1ED00D395C2 /* TranscriptionSettingsView.swift in Sources */ = {isa = PBXBuildFile; fileRef = ED892BF52EF0B1ED00D395C2 /* TranscriptionSettingsView.swift */; };
		ED892BF82EF0B1F400D395C2 /* CustomPromptsView.swift in Sources */ = {isa = PBXBuildFile; fileRef = ED892BF72EF0B1F300D395C2 /* CustomPromptsView.swift */; };
		ED892BFA2EF0B1FA00D395C2 /* PresetEditorView.swift in Sources */ = {isa = PBXBuildFile; fileRef = ED892BF92EF0B1FA00D395C2 /* PresetEditorView.swift */; };
		ED892BFD2EF0B84000D395C2 /* PresetEditorMode.swift in Sources */ = {isa = PBXBuildFile; fileRef = ED892BFC2EF0B83E00D395C2 /* PresetEditorMode.swift */; };
		ED892BFF2EF0B89000D395C2 /* KeyboardShortcutsExtension.swift in Sources */ = {isa = PBXBuildFile; fileRef = ED892BFE2EF0B88E00D395C2 /* KeyboardShortcutsExtension.swift */; };
		EDDD7A5E2EF0147600806A79 /* KeyboardShortcuts in Frameworks */ = {isa = PBXBuildFile; productRef = D7ECCB3B2CB9BD4B00558637 /* KeyboardShortcuts */; };
/* End PBXBuildFile section */

/* Begin PBXCopyFilesBuildPhase section */
		D73B39392DC6622E00F3B948 /* Embed Frameworks */ = {
			isa = PBXCopyFilesBuildPhase;
			buildActionMask = 2147483647;
			dstPath = "";
			dstSubfolderSpec = 10;
			files = (
				D73B39382DC6622E00F3B948 /* whisper.xcframework in Embed Frameworks */,
			);
			name = "Embed Frameworks";
			runOnlyForDeploymentPostprocessing = 0;
		};
/* End PBXCopyFilesBuildPhase section */

/* Begin PBXFileReference section */
		40F834672CA70F3A007DAA65 /* whispertron.app */ = {isa = PBXFileReference; explicitFileType = wrapper.application; includeInIndex = 0; path = whispertron.app; sourceTree = BUILT_PRODUCTS_DIR; };
		40F8346A2CA70F3A007DAA65 /* AppDelegate.swift */ = {isa = PBXFileReference; lastKnownFileType = sourcecode.swift; path = AppDelegate.swift; sourceTree = "<group>"; };
		40F8346E2CA70F3B007DAA65 /* Assets.xcassets */ = {isa = PBXFileReference; lastKnownFileType = folder.assetcatalog; path = Assets.xcassets; sourceTree = "<group>"; };
		40F8347B2CA71E4E007DAA65 /* main.swift */ = {isa = PBXFileReference; lastKnownFileType = sourcecode.swift; path = main.swift; sourceTree = "<group>"; };
		40F834802CA724C8007DAA65 /* LibWhisper.swift */ = {isa = PBXFileReference; lastKnownFileType = sourcecode.swift; path = LibWhisper.swift; sourceTree = "<group>"; };
		40F834822CA72889007DAA65 /* Recorder.swift */ = {isa = PBXFileReference; lastKnownFileType = sourcecode.swift; path = Recorder.swift; sourceTree = "<group>"; };
		D73B39362DC6622E00F3B948 /* whisper.xcframework */ = {isa = PBXFileReference; lastKnownFileType = wrapper.xcframework; name = whisper.xcframework; path = "whisper_xcframework/build-apple/whisper.xcframework"; sourceTree = "<group>"; };
		D7C3BEB12CBACF0E00AEB012 /* whispertron.entitlements */ = {isa = PBXFileReference; fileEncoding = 4; lastKnownFileType = text.plist.entitlements; path = whispertron.entitlements; sourceTree = "<group>"; };
		D7ECCB322CB9429E00558635 /* models */ = {isa = PBXFileReference; lastKnownFileType = folder; name = models; path = whispertron/models; sourceTree = "<group>"; };
		E1A1B1A02EA80A1100000001 /* SettingsManager.swift */ = {isa = PBXFileReference; lastKnownFileType = sourcecode.swift; path = SettingsManager.swift; sourceTree = "<group>"; };
		E1A1B1A22EA80A1100000002 /* OpenAIClient.swift */ = {isa = PBXFileReference; lastKnownFileType = sourcecode.swift; path = OpenAIClient.swift; sourceTree = "<group>"; };
		ED892BF12EF0B1DD00D395C2 /* FeedbackView.swift */ = {isa = PBXFileReference; lastKnownFileType = sourcecode.swift; path = FeedbackView.swift; sourceTree = "<group>"; };
		ED892BF32EF0B1E500D395C2 /* PreferencesView.swift */ = {isa = PBXFileReference; lastKnownFileType = sourcecode.swift; path = PreferencesView.swift; sourceTree = "<group>"; };
		ED892BF52EF0B1ED00D395C2 /* TranscriptionSettingsView.swift */ = {isa = PBXFileReference; lastKnownFileType = sourcecode.swift; path = TranscriptionSettingsView.swift; sourceTree = "<group>"; };
		ED892BF72EF0B1F300D395C2 /* CustomPromptsView.swift */ = {isa = PBXFileReference; lastKnownFileType = sourcecode.swift; path = CustomPromptsView.swift; sourceTree = "<group>"; };
		ED892BF92EF0B1FA00D395C2 /* PresetEditorView.swift */ = {isa = PBXFileReference; lastKnownFileType = sourcecode.swift; path = PresetEditorView.swift; sourceTree = "<group>"; };
		ED892BFC2EF0B83E00D395C2 /* PresetEditorMode.swift */ = {isa = PBXFileReference; lastKnownFileType = sourcecode.swift; path = PresetEditorMode.swift; sourceTree = "<group>"; };
		ED892BFE2EF0B88E00D395C2 /* KeyboardShortcutsExtension.swift */ = {isa = PBXFileReference; lastKnownFileType = sourcecode.swift; path = KeyboardShortcutsExtension.swift; sourceTree = "<group>"; };
/* End PBXFileReference section */

/* Begin PBXFrameworksBuildPhase section */
		40F834642CA70F3A007DAA65 /* Frameworks */ = {
			isa = PBXFrameworksBuildPhase;
			buildActionMask = 2147483647;
			files = (
				EDDD7A5E2EF0147600806A79 /* KeyboardShortcuts in Frameworks */,
				D73B39372DC6622E00F3B948 /* whisper.xcframework in Frameworks */,
				D7ECCB3A2CB9BD4A00558635 /* HotKey in Frameworks */,
			);
			runOnlyForDeploymentPostprocessing = 0;
		};
/* End PBXFrameworksBuildPhase section */

/* Begin PBXGroup section */
		40F8345E2CA70F3A007DAA65 = {
			isa = PBXGroup;
			children = (
				D7ECCB322CB9429E00558635 /* models */,
				40F834692CA70F3A007DAA65 /* whispertron */,
				D73B39352DC6622E00F3B948 /* Frameworks */,
				40F834682CA70F3A007DAA65 /* Products */,
			);
			sourceTree = "<group>";
		};
		40F834682CA70F3A007DAA65 /* Products */ = {
			isa = PBXGroup;
			children = (
				40F834672CA70F3A007DAA65 /* whispertron.app */,
			);
			name = Products;
			sourceTree = "<group>";
		};
		40F834692CA70F3A007DAA65 /* whispertron */ = {
			isa = PBXGroup;
			children = (
				40F8347B2CA71E4E007DAA65 /* main.swift */,
				40F8346A2CA70F3A007DAA65 /* AppDelegate.swift */,
				ED892BEF2EF0B1BB00D395C2 /* SwiftUI */,
				40F8346E2CA70F3B007DAA65 /* Assets.xcassets */,
				40F834802CA724C8007DAA65 /* LibWhisper.swift */,
				40F834822CA72889007DAA65 /* Recorder.swift */,
				E1A1B1A02EA80A1100000001 /* SettingsManager.swift */,
				E1A1B1A22EA80A1100000002 /* OpenAIClient.swift */,
				ED892BFE2EF0B88E00D395C2 /* KeyboardShortcutsExtension.swift */,
				D7C3BEB12CBACF0E00AEB012 /* whispertron.entitlements */,
			);
			path = whispertron;
			sourceTree = "<group>";
		};
		D73B39352DC6622E00F3B948 /* Frameworks */ = {
			isa = PBXGroup;
			children = (
				D73B39362DC6622E00F3B948 /* whisper.xcframework */,
			);
			name = Frameworks;
			sourceTree = "<group>";
		};
		ED892BEF2EF0B1BB00D395C2 /* SwiftUI */ = {
			isa = PBXGroup;
			children = (
				ED892BFB2EF0B83B00D395C2 /* Models */,
				ED892BF02EF0B1C700D395C2 /* Views */,
			);
			path = SwiftUI;
			sourceTree = "<group>";
		};
		ED892BF02EF0B1C700D395C2 /* Views */ = {
			isa = PBXGroup;
			children = (
				ED892BF92EF0B1FA00D395C2 /* PresetEditorView.swift */,
				ED892BF72EF0B1F300D395C2 /* CustomPromptsView.swift */,
				ED892BF52EF0B1ED00D395C2 /* TranscriptionSettingsView.swift */,
				ED892BF32EF0B1E500D395C2 /* PreferencesView.swift */,
				ED892BF12EF0B1DD00D395C2 /* FeedbackView.swift */,
			);
			path = Views;
			sourceTree = "<group>";
		};
		ED892BFB2EF0B83B00D395C2 /* Models */ = {
			isa = PBXGroup;
			children = (
				ED892BFC2EF0B83E00D395C2 /* PresetEditorMode.swift */,
			);
			path = Models;
			sourceTree = "<group>";
		};
/* End PBXGroup section */

/* Begin PBXNativeTarget section */
		40F834662CA70F3A007DAA65 /* whispertron */ = {
			isa = PBXNativeTarget;
			buildConfigurationList = 40F834762CA70F3B007DAA65 /* Build configuration list for PBXNativeTarget "whispertron" */;
			buildPhases = (
				E1A1B1B02EA80B1100000005 /* Reset Accessibility Permissions */,
				40F834632CA70F3A007DAA65 /* Sources */,
				40F834642CA70F3A007DAA65 /* Frameworks */,
				40F834652CA70F3A007DAA65 /* Resources */,
				D73B39392DC6622E00F3B948 /* Embed Frameworks */,
			);
			buildRules = (
			);
			dependencies = (
			);
			name = whispertron;
			packageProductDependencies = (
				D7ECCB392CB9BD4A00558635 /* HotKey */,
				D7ECCB3B2CB9BD4B00558637 /* KeyboardShortcuts */,
			);
			productName = mt;
			productReference = 40F834672CA70F3A007DAA65 /* whispertron.app */;
			productType = "com.apple.product-type.application";
		};
/* End PBXNativeTarget section */

/* Begin PBXProject section */
		40F8345F2CA70F3A007DAA65 /* Project object */ = {
			isa = PBXProject;
			attributes = {
				BuildIndependentTargetsInParallel = 1;
				LastSwiftUpdateCheck = 1520;
				LastUpgradeCheck = 2610;
				TargetAttributes = {
					40F834662CA70F3A007DAA65 = {
						CreatedOnToolsVersion = 15.2;
					};
				};
			};
			buildConfigurationList = 40F834622CA70F3A007DAA65 /* Build configuration list for PBXProject "whispertron" */;
			compatibilityVersion = "Xcode 14.0";
			developmentRegion = en;
			hasScannedForEncodings = 0;
			knownRegions = (
				en,
				Base,
			);
			mainGroup = 40F8345E2CA70F3A007DAA65;
			packageReferences = (
				D7ECCB382CB9BD4A00558635 /* XCRemoteSwiftPackageReference "HotKey" */,
				D7ECCB3A2CB9BD4B00558636 /* XCRemoteSwiftPackageReference "KeyboardShortcuts" */,
			);
			productRefGroup = 40F834682CA70F3A007DAA65 /* Products */;
			projectDirPath = "";
			projectRoot = "";
			targets = (
				40F834662CA70F3A007DAA65 /* whispertron */,
			);
		};
/* End PBXProject section */

/* Begin PBXResourcesBuildPhase section */
		40F834652CA70F3A007DAA65 /* Resources */ = {
			isa = PBXResourcesBuildPhase;
			buildActionMask = 2147483647;
			files = (
				D7ECCB332CB9429E00558635 /* models in Resources */,
				40F8346F2CA70F3B007DAA65 /* Assets.xcassets in Resources */,
			);
			runOnlyForDeploymentPostprocessing = 0;
		};
/* End PBXResourcesBuildPhase section */

/* Begin PBXShellScriptBuildPhase section */
		E1A1B1B02EA80B1100000005 /* Reset Accessibility Permissions */ = {
			isa = PBXShellScriptBuildPhase;
			alwaysOutOfDate = 1;
			buildActionMask = 2147483647;
			files = (
			);
			inputFileListPaths = (
			);
			inputPaths = (
			);
			name = "Reset Accessibility Permissions";
			outputFileListPaths = (
			);
			outputPaths = (
			);
			runOnlyForDeploymentPostprocessing = 0;
			shellPath = /bin/sh;
			shellScript = "# Reset Accessibility permissions for development\ntccutil reset Accessibility com.glyphack.whispertron 2>/dev/null || true\necho \"Accessibility permissions reset for whispertron\"\n";
			showEnvVarsInLog = 0;
		};
/* End PBXShellScriptBuildPhase section */

/* Begin PBXSourcesBuildPhase section */
		40F834632CA70F3A007DAA65 /* Sources */ = {
			isa = PBXSourcesBuildPhase;
			buildActionMask = 2147483647;
			files = (
				ED892BF62EF0B1ED00D395C2 /* TranscriptionSettingsView.swift in Sources */,
				40F834832CA72889007DAA65 /* Recorder.swift in Sources */,
				40F834812CA724C8007DAA65 /* LibWhisper.swift in Sources */,
				ED892BF42EF0B1E600D395C2 /* PreferencesView.swift in Sources */,
				ED892BFD2EF0B84000D395C2 /* PresetEditorMode.swift in Sources */,
				40F8346B2CA70F3A007DAA65 /* AppDelegate.swift in Sources */,
				ED892BFF2EF0B89000D395C2 /* KeyboardShortcutsExtension.swift in Sources */,
				ED892BFA2EF0B1FA00D395C2 /* PresetEditorView.swift in Sources */,
				40F8347C2CA71E4E007DAA65 /* main.swift in Sources */,
				ED892BF22EF0B1DF00D395C2 /* FeedbackView.swift in Sources */,
				E1A1B1A12EA80A1100000001 /* SettingsManager.swift in Sources */,
				E1A1B1A32EA80A1100000002 /* OpenAIClient.swift in Sources */,
				ED892BF82EF0B1F400D395C2 /* CustomPromptsView.swift in Sources */,
			);
			runOnlyForDeploymentPostprocessing = 0;
		};
/* End PBXSourcesBuildPhase section */

/* Begin XCBuildConfiguration section */
		40F834742CA70F3B007DAA65 /* Debug */ = {
			isa = XCBuildConfiguration;
			buildSettings = {
				ALWAYS_SEARCH_USER_PATHS = NO;
				ASSETCATALOG_COMPILER_GENERATE_SWIFT_ASSET_SYMBOL_EXTENSIONS = YES;
				CLANG_ANALYZER_NONNULL = YES;
				CLANG_ANALYZER_NUMBER_OBJECT_CONVERSION = YES_AGGRESSIVE;
				CLANG_CXX_LANGUAGE_STANDARD = "gnu++20";
				CLANG_ENABLE_MODULES = YES;
				CLANG_ENABLE_OBJC_ARC = YES;
				CLANG_ENABLE_OBJC_WEAK = YES;
				CLANG_WARN_BLOCK_CAPTURE_AUTORELEASING = YES;
				CLANG_WARN_BOOL_CONVERSION = YES;
				CLANG_WARN_COMMA = YES;
				CLANG_WARN_CONSTANT_CONVERSION = YES;
				CLANG_WARN_DEPRECATED_OBJC_IMPLEMENTATIONS = YES;
				CLANG_WARN_DIRECT_OBJC_ISA_USAGE = YES_ERROR;
				CLANG_WARN_DOCUMENTATION_COMMENTS = YES;
				CLANG_WARN_EMPTY_BODY = YES;
				CLANG_WARN_ENUM_CONVERSION = YES;
				CLANG_WARN_INFINITE_RECURSION = YES;
				CLANG_WARN_INT_CONVERSION = YES;
				CLANG_WARN_NON_LITERAL_NULL_CONVERSION = YES;
				CLANG_WARN_OBJC_IMPLICIT_RETAIN_SELF = YES;
				CLANG_WARN_OBJC_LITERAL_CONVERSION = YES;
				CLANG_WARN_OBJC_ROOT_CLASS = YES_ERROR;
				CLANG_WARN_QUOTED_INCLUDE_IN_FRAMEWORK_HEADER = YES;
				CLANG_WARN_RANGE_LOOP_ANALYSIS = YES;
				CLANG_WARN_STRICT_PROTOTYPES = YES;
				CLANG_WARN_SUSPICIOUS_MOVE = YES;
				CLANG_WARN_UNGUARDED_AVAILABILITY = YES_AGGRESSIVE;
				CLANG_WARN_UNREACHABLE_CODE = YES;
				CLANG_WARN__DUPLICATE_METHOD_MATCH = YES;
				COPY_PHASE_STRIP = NO;
				DEAD_CODE_STRIPPING = YES;
				DEBUG_INFORMATION_FORMAT = dwarf;
				ENABLE_STRICT_OBJC_MSGSEND = YES;
				ENABLE_TESTABILITY = YES;
				ENABLE_USER_SCRIPT_SANDBOXING = NO;
				GCC_C_LANGUAGE_STANDARD = gnu17;
				GCC_DYNAMIC_NO_PIC = NO;
				GCC_NO_COMMON_BLOCKS = YES;
				GCC_OPTIMIZATION_LEVEL = 0;
				GCC_PREPROCESSOR_DEFINITIONS = (
					"DEBUG=1",
					"$(inherited)",
				);
				GCC_WARN_64_TO_32_BIT_CONVERSION = YES;
				GCC_WARN_ABOUT_RETURN_TYPE = YES_ERROR;
				GCC_WARN_UNDECLARED_SELECTOR = YES;
				GCC_WARN_UNINITIALIZED_AUTOS = YES_AGGRESSIVE;
				GCC_WARN_UNUSED_FUNCTION = YES;
				GCC_WARN_UNUSED_VARIABLE = YES;
				LOCALIZATION_PREFERS_STRING_CATALOGS = YES;
				MACOSX_DEPLOYMENT_TARGET = 10.15;
				MTL_ENABLE_DEBUG_INFO = INCLUDE_SOURCE;
				MTL_FAST_MATH = YES;
				ONLY_ACTIVE_ARCH = YES;
				SDKROOT = macosx;
				STRING_CATALOG_GENERATE_SYMBOLS = YES;
				SWIFT_ACTIVE_COMPILATION_CONDITIONS = "DEBUG $(inherited)";
				SWIFT_OPTIMIZATION_LEVEL = "-Onone";
			};
			name = Debug;
		};
		40F834752CA70F3B007DAA65 /* Release */ = {
			isa = XCBuildConfiguration;
			buildSettings = {
				ALWAYS_SEARCH_USER_PATHS = NO;
				ASSETCATALOG_COMPILER_GENERATE_SWIFT_ASSET_SYMBOL_EXTENSIONS = YES;
				CLANG_ANALYZER_NONNULL = YES;
				CLANG_ANALYZER_NUMBER_OBJECT_CONVERSION = YES_AGGRESSIVE;
				CLANG_CXX_LANGUAGE_STANDARD = "gnu++20";
				CLANG_ENABLE_MODULES = YES;
				CLANG_ENABLE_OBJC_ARC = YES;
				CLANG_ENABLE_OBJC_WEAK = YES;
				CLANG_WARN_BLOCK_CAPTURE_AUTORELEASING = YES;
				CLANG_WARN_BOOL_CONVERSION = YES;
				CLANG_WARN_COMMA = YES;
				CLANG_WARN_CONSTANT_CONVERSION = YES;
				CLANG_WARN_DEPRECATED_OBJC_IMPLEMENTATIONS = YES;
				CLANG_WARN_DIRECT_OBJC_ISA_USAGE = YES_ERROR;
				CLANG_WARN_DOCUMENTATION_COMMENTS = YES;
				CLANG_WARN_EMPTY_BODY = YES;
				CLANG_WARN_ENUM_CONVERSION = YES;
				CLANG_WARN_INFINITE_RECURSION = YES;
				CLANG_WARN_INT_CONVERSION = YES;
				CLANG_WARN_NON_LITERAL_NULL_CONVERSION = YES;
				CLANG_WARN_OBJC_IMPLICIT_RETAIN_SELF = YES;
				CLANG_WARN_OBJC_LITERAL_CONVERSION = YES;
				CLANG_WARN_OBJC_ROOT_CLASS = YES_ERROR;
				CLANG_WARN_QUOTED_INCLUDE_IN_FRAMEWORK_HEADER = YES;
				CLANG_WARN_RANGE_LOOP_ANALYSIS = YES;
				CLANG_WARN_STRICT_PROTOTYPES = YES;
				CLANG_WARN_SUSPICIOUS_MOVE = YES;
				CLANG_WARN_UNGUARDED_AVAILABILITY = YES_AGGRESSIVE;
				CLANG_WARN_UNREACHABLE_CODE = YES;
				CLANG_WARN__DUPLICATE_METHOD_MATCH = YES;
				COPY_PHASE_STRIP = NO;
				DEAD_CODE_STRIPPING = YES;
				DEBUG_INFORMATION_FORMAT = "dwarf-with-dsym";
				ENABLE_NS_ASSERTIONS = NO;
				ENABLE_STRICT_OBJC_MSGSEND = YES;
				ENABLE_USER_SCRIPT_SANDBOXING = NO;
				GCC_C_LANGUAGE_STANDARD = gnu17;
				GCC_NO_COMMON_BLOCKS = YES;
				GCC_WARN_64_TO_32_BIT_CONVERSION = YES;
				GCC_WARN_ABOUT_RETURN_TYPE = YES_ERROR;
				GCC_WARN_UNDECLARED_SELECTOR = YES;
				GCC_WARN_UNINITIALIZED_AUTOS = YES_AGGRESSIVE;
				GCC_WARN_UNUSED_FUNCTION = YES;
				GCC_WARN_UNUSED_VARIABLE = YES;
				LOCALIZATION_PREFERS_STRING_CATALOGS = YES;
				MACOSX_DEPLOYMENT_TARGET = 10.15;
				MTL_ENABLE_DEBUG_INFO = NO;
				MTL_FAST_MATH = YES;
				SDKROOT = macosx;
				STRING_CATALOG_GENERATE_SYMBOLS = YES;
				SWIFT_COMPILATION_MODE = wholemodule;
			};
			name = Release;
		};
		40F834772CA70F3B007DAA65 /* Debug */ = {
			isa = XCBuildConfiguration;
			buildSettings = {
				ASSETCATALOG_COMPILER_APPICON_NAME = AppIcon;
				ASSETCATALOG_COMPILER_GLOBAL_ACCENT_COLOR_NAME = AccentColor;
				AUTOMATION_APPLE_EVENTS = YES;
				CODE_SIGN_ENTITLEMENTS = whispertron/whispertron.entitlements;
				CODE_SIGN_IDENTITY = "Developer ID Application";
				"CODE_SIGN_IDENTITY[sdk=macosx*]" = "-";
				CODE_SIGN_STYLE = Automatic;
				COMBINE_HIDPI_IMAGES = YES;
				CURRENT_PROJECT_VERSION = 0.1.0;
				DEAD_CODE_STRIPPING = YES;
				DEVELOPMENT_TEAM = "";
				ENABLE_APP_SANDBOX = YES;
				ENABLE_OUTGOING_NETWORK_CONNECTIONS = YES;
				ENABLE_RESOURCE_ACCESS_AUDIO_INPUT = YES;
				GENERATE_INFOPLIST_FILE = YES;
				INFOPLIST_FILE = "";
				INFOPLIST_KEY_CFBundleDisplayName = Whispertron;
				INFOPLIST_KEY_LSApplicationCategoryType = "public.app-category.productivity";
				INFOPLIST_KEY_LSUIElement = YES;
				INFOPLIST_KEY_NSAppleEventsUsageDescription = "This app requires access to accessibility features to determine whether a text input is focused.";
				INFOPLIST_KEY_NSHumanReadableCopyright = "";
				INFOPLIST_KEY_NSMainStoryboardFile = "";
				INFOPLIST_KEY_NSMicrophoneUsageDescription = "We need the microphone to transcribe...";
				INFOPLIST_KEY_NSPrincipalClass = NSApplication;
				LD_RUNPATH_SEARCH_PATHS = (
					"$(inherited)",
					"@executable_path/../Frameworks",
				);
				MACOSX_DEPLOYMENT_TARGET = 11.0;
				MARKETING_VERSION = 0.1.0;
				PRODUCT_BUNDLE_IDENTIFIER = com.glyphack.whispertron;
				PRODUCT_NAME = "$(TARGET_NAME)";
				PROVISIONING_PROFILE_SPECIFIER = "";
				SWIFT_EMIT_LOC_STRINGS = YES;
				SWIFT_VERSION = 5.0;
			};
			name = Debug;
		};
		40F834782CA70F3B007DAA65 /* Release */ = {
			isa = XCBuildConfiguration;
			buildSettings = {
				ASSETCATALOG_COMPILER_APPICON_NAME = AppIcon;
				ASSETCATALOG_COMPILER_GLOBAL_ACCENT_COLOR_NAME = AccentColor;
				AUTOMATION_APPLE_EVENTS = YES;
				CODE_SIGN_ENTITLEMENTS = whispertron/whispertron.entitlements;
				CODE_SIGN_IDENTITY = "Developer ID Application";
				"CODE_SIGN_IDENTITY[sdk=macosx*]" = "-";
				CODE_SIGN_STYLE = Automatic;
				COMBINE_HIDPI_IMAGES = YES;
				CURRENT_PROJECT_VERSION = 0.1.0;
				DEAD_CODE_STRIPPING = YES;
				DEVELOPMENT_TEAM = "";
				ENABLE_APP_SANDBOX = YES;
				ENABLE_OUTGOING_NETWORK_CONNECTIONS = YES;
				ENABLE_RESOURCE_ACCESS_AUDIO_INPUT = YES;
				GENERATE_INFOPLIST_FILE = YES;
				INFOPLIST_FILE = "";
				INFOPLIST_KEY_CFBundleDisplayName = Whispertron;
				INFOPLIST_KEY_LSApplicationCategoryType = "public.app-category.productivity";
				INFOPLIST_KEY_LSUIElement = YES;
				INFOPLIST_KEY_NSAppleEventsUsageDescription = "This app requires access to accessibility features to determine whether a text input is focused.";
				INFOPLIST_KEY_NSHumanReadableCopyright = "";
				INFOPLIST_KEY_NSMainStoryboardFile = "";
				INFOPLIST_KEY_NSMicrophoneUsageDescription = "We need the microphone to transcribe...";
				INFOPLIST_KEY_NSPrincipalClass = NSApplication;
				LD_RUNPATH_SEARCH_PATHS = (
					"$(inherited)",
					"@executable_path/../Frameworks",
				);
				MACOSX_DEPLOYMENT_TARGET = 11.0;
				MARKETING_VERSION = 0.1.0;
				PRODUCT_BUNDLE_IDENTIFIER = com.glyphack.whispertron;
				PRODUCT_NAME = "$(TARGET_NAME)";
				PROVISIONING_PROFILE_SPECIFIER = "";
				SWIFT_EMIT_LOC_STRINGS = YES;
				SWIFT_VERSION = 5.0;
			};
			name = Release;
		};
/* End XCBuildConfiguration section */

/* Begin XCConfigurationList section */
		40F834622CA70F3A007DAA65 /* Build configuration list for PBXProject "whispertron" */ = {
			isa = XCConfigurationList;
			buildConfigurations = (
				40F834742CA70F3B007DAA65 /* Debug */,
				40F834752CA70F3B007DAA65 /* Release */,
			);
			defaultConfigurationIsVisible = 0;
			defaultConfigurationName = Release;
		};
		40F834762CA70F3B007DAA65 /* Build configuration list for PBXNativeTarget "whispertron" */ = {
			isa = XCConfigurationList;
			buildConfigurations = (
				40F834772CA70F3B007DAA65 /* Debug */,
				40F834782CA70F3B007DAA65 /* Release */,
			);
			defaultConfigurationIsVisible = 0;
			defaultConfigurationName = Release;
		};
/* End XCConfigurationList section */

/* Begin XCRemoteSwiftPackageReference section */
		D7ECCB382CB9BD4A00558635 /* XCRemoteSwiftPackageReference "HotKey" */ = {
			isa = XCRemoteSwiftPackageReference;
			repositoryURL = "https://github.com/soffes/HotKey";
			requirement = {
				kind = exactVersion;
				version = 0.2.0;
			};
		};
		D7ECCB3A2CB9BD4B00558636 /* XCRemoteSwiftPackageReference "KeyboardShortcuts" */ = {
			isa = XCRemoteSwiftPackageReference;
			repositoryURL = "https://github.com/sindresorhus/KeyboardShortcuts";
			requirement = {
				kind = upToNextMajorVersion;
				minimumVersion = 2.0.0;
			};
		};
/* End XCRemoteSwiftPackageReference section */

/* Begin XCSwiftPackageProductDependency section */
		D7ECCB392CB9BD4A00558635 /* HotKey */ = {
			isa = XCSwiftPackageProductDependency;
			package = D7ECCB382CB9BD4A00558635 /* XCRemoteSwiftPackageReference "HotKey" */;
			productName = HotKey;
		};
		D7ECCB3B2CB9BD4B00558637 /* KeyboardShortcuts */ = {
			isa = XCSwiftPackageProductDependency;
			package = D7ECCB3A2CB9BD4B00558636 /* XCRemoteSwiftPackageReference "KeyboardShortcuts" */;
			productName = KeyboardShortcuts;
		};
/* End XCSwiftPackageProductDependency section */
	};
	rootObject = 40F8345F2CA70F3A007DAA65 /* Project object */;
}
